{
  "version": 4,
  "terraform_version": "1.1.9",
  "serial": 850,
  "lineage": "9885af80-a8fc-f384-014e-aa658b316223",
  "outputs": {},
  "resources": [
    {
      "mode": "data",
      "type": "template_file",
      "name": "user_data",
      "provider": "provider[\"registry.terraform.io/hashicorp/template\"]",
      "instances": [
        {
          "schema_version": 0,
          "attributes": {
            "filename": null,
            "id": "c27172e7249e59d927c9cfd33154a57da60f7ceaacb951092b00b6a673fe4512",
            "rendered": "groups:\r\n  - dhbw\r\n\r\nusers:\r\n  - default\r\n  - name: jonas\r\n    gecos: Jonas Haberstroh\r\n    shell: /bin/bash\r\n    primary_group: dhbw\r\n    sudo: ALL=(ALL) NOPASSWD:ALL\r\n    groups: users, admin, docker\r\n    passwd : jonasswarm\r\n    lock_passwd: false\r\n    ssh_authorized_keys:\r\n      - ssh-rsa AAAAB3NzaC1yc2EAAAADAQABAAABAQDNEDOkzcWytAhPTMrmf8D9jbXhblYaod51hbouP3aM8QC4nHA+nCm/MfdXH3dVZ9+lb5nBpPLJ5xMbekZxqbT169NfrbkFqpjZKLAQWmYF3rbx6U2SBNnd4P7Ox647aZ8mtn08M4IJStpA3UPtvg2AgXrIXfa3zX8xsPhNx/hMwET+NJr4QG/0AaUrtZXcST8PDQDIHFWXcBMqIaEah5ddL59M2Dw/XH6rr3tWkFLmDDdg+qtb4oBVdcq+V6bSsC39BXIUQsgS93m3hcrQFwjn4ubHGD3atJkQQTGTRjX3MDd4YIreHBvcPUgoGVbFIYG3/CtMJIlZfwGMuQr01frh Generated-by-Nova\r\n",
            "template": "groups:\r\n  - dhbw\r\n\r\nusers:\r\n  - default\r\n  - name: jonas\r\n    gecos: Jonas Haberstroh\r\n    shell: /bin/bash\r\n    primary_group: dhbw\r\n    sudo: ALL=(ALL) NOPASSWD:ALL\r\n    groups: users, admin, docker\r\n    passwd : jonasswarm\r\n    lock_passwd: false\r\n    ssh_authorized_keys:\r\n      - ssh-rsa AAAAB3NzaC1yc2EAAAADAQABAAABAQDNEDOkzcWytAhPTMrmf8D9jbXhblYaod51hbouP3aM8QC4nHA+nCm/MfdXH3dVZ9+lb5nBpPLJ5xMbekZxqbT169NfrbkFqpjZKLAQWmYF3rbx6U2SBNnd4P7Ox647aZ8mtn08M4IJStpA3UPtvg2AgXrIXfa3zX8xsPhNx/hMwET+NJr4QG/0AaUrtZXcST8PDQDIHFWXcBMqIaEah5ddL59M2Dw/XH6rr3tWkFLmDDdg+qtb4oBVdcq+V6bSsC39BXIUQsgS93m3hcrQFwjn4ubHGD3atJkQQTGTRjX3MDd4YIreHBvcPUgoGVbFIYG3/CtMJIlZfwGMuQr01frh Generated-by-Nova\r\n",
            "vars": null
          },
          "sensitive_attributes": []
        }
      ]
    },
    {
      "mode": "managed",
      "type": "null_resource",
      "name": "InstallDocker",
      "provider": "provider[\"registry.terraform.io/hashicorp/null\"]",
      "instances": [
        {
          "schema_version": 0,
          "attributes": {
            "id": "6018039096746965180",
            "triggers": null
          },
          "sensitive_attributes": [],
          "private": "bnVsbA==",
          "dependencies": [
            "data.template_file.user_data",
            "openstack_compute_instance_v2.SwarmManager",
            "openstack_compute_instance_v2.Worker1",
            "openstack_compute_instance_v2.Worker2",
            "openstack_networking_secgroup_v2.SwarmSec"
          ]
        }
      ]
    },
    {
      "mode": "managed",
      "type": "null_resource",
      "name": "swarmManager_copyAndBuildApp",
      "provider": "provider[\"registry.terraform.io/hashicorp/null\"]",
      "instances": [
        {
          "schema_version": 0,
          "attributes": {
            "id": "1372644748464713552",
            "triggers": {
              "thisfile_hash": "5fa06ccccc31e963476dcd2a6435a1c25b00591f"
            }
          },
          "sensitive_attributes": [],
          "private": "bnVsbA==",
          "dependencies": [
            "data.template_file.user_data",
            "null_resource.InstallDocker",
            "null_resource.volume_formattingAndMounting",
            "null_resource.volume_mount_worker1",
            "null_resource.volume_mount_worker2",
            "openstack_blockstorage_volume_v3.volume_1",
            "openstack_compute_instance_v2.SwarmManager",
            "openstack_compute_instance_v2.Worker1",
            "openstack_compute_instance_v2.Worker2",
            "openstack_compute_volume_attach_v2.attach_manager",
            "openstack_compute_volume_attach_v2.attach_worker1",
            "openstack_compute_volume_attach_v2.attach_worker2",
            "openstack_networking_secgroup_v2.SwarmSec"
          ]
        }
      ]
    },
    {
      "mode": "managed",
      "type": "null_resource",
      "name": "volume_formattingAndMounting",
      "provider": "provider[\"registry.terraform.io/hashicorp/null\"]",
      "instances": [
        {
          "schema_version": 0,
          "attributes": {
            "id": "3916651217612763527",
            "triggers": null
          },
          "sensitive_attributes": [],
          "private": "bnVsbA==",
          "dependencies": [
            "data.template_file.user_data",
            "null_resource.InstallDocker",
            "openstack_blockstorage_volume_v3.volume_1",
            "openstack_compute_instance_v2.SwarmManager",
            "openstack_compute_instance_v2.Worker1",
            "openstack_compute_instance_v2.Worker2",
            "openstack_compute_volume_attach_v2.attach_manager",
            "openstack_networking_secgroup_v2.SwarmSec"
          ]
        }
      ]
    },
    {
      "mode": "managed",
      "type": "null_resource",
      "name": "volume_mount_worker1",
      "provider": "provider[\"registry.terraform.io/hashicorp/null\"]",
      "instances": [
        {
          "schema_version": 0,
          "attributes": {
            "id": "6974133823076363297",
            "triggers": {
              "thisfile_hash": "5fa06ccccc31e963476dcd2a6435a1c25b00591f"
            }
          },
          "sensitive_attributes": [],
          "private": "bnVsbA==",
          "dependencies": [
            "data.template_file.user_data",
            "null_resource.InstallDocker",
            "null_resource.volume_formattingAndMounting",
            "openstack_blockstorage_volume_v3.volume_1",
            "openstack_compute_instance_v2.SwarmManager",
            "openstack_compute_instance_v2.Worker1",
            "openstack_compute_instance_v2.Worker2",
            "openstack_compute_volume_attach_v2.attach_manager",
            "openstack_compute_volume_attach_v2.attach_worker1",
            "openstack_networking_secgroup_v2.SwarmSec"
          ]
        }
      ]
    },
    {
      "mode": "managed",
      "type": "null_resource",
      "name": "volume_mount_worker2",
      "provider": "provider[\"registry.terraform.io/hashicorp/null\"]",
      "instances": [
        {
          "schema_version": 0,
          "attributes": {
            "id": "6278190429232941492",
            "triggers": {
              "thisfile_hash": "5fa06ccccc31e963476dcd2a6435a1c25b00591f"
            }
          },
          "sensitive_attributes": [],
          "private": "bnVsbA==",
          "dependencies": [
            "data.template_file.user_data",
            "null_resource.InstallDocker",
            "null_resource.volume_formattingAndMounting",
            "openstack_blockstorage_volume_v3.volume_1",
            "openstack_compute_instance_v2.SwarmManager",
            "openstack_compute_instance_v2.Worker1",
            "openstack_compute_instance_v2.Worker2",
            "openstack_compute_volume_attach_v2.attach_manager",
            "openstack_compute_volume_attach_v2.attach_worker2",
            "openstack_networking_secgroup_v2.SwarmSec"
          ]
        }
      ]
    },
    {
      "mode": "managed",
      "type": "null_resource",
      "name": "worker1_buildApp",
      "provider": "provider[\"registry.terraform.io/hashicorp/null\"]",
      "instances": [
        {
          "schema_version": 0,
          "attributes": {
            "id": "5207046997051736935",
            "triggers": {
              "thisfile_hash": "5fa06ccccc31e963476dcd2a6435a1c25b00591f"
            }
          },
          "sensitive_attributes": [],
          "private": "bnVsbA==",
          "dependencies": [
            "data.template_file.user_data",
            "null_resource.InstallDocker",
            "null_resource.swarmManager_copyAndBuildApp",
            "null_resource.volume_formattingAndMounting",
            "null_resource.volume_mount_worker1",
            "null_resource.volume_mount_worker2",
            "openstack_blockstorage_volume_v3.volume_1",
            "openstack_compute_instance_v2.SwarmManager",
            "openstack_compute_instance_v2.Worker1",
            "openstack_compute_instance_v2.Worker2",
            "openstack_compute_volume_attach_v2.attach_manager",
            "openstack_compute_volume_attach_v2.attach_worker1",
            "openstack_compute_volume_attach_v2.attach_worker2",
            "openstack_networking_secgroup_v2.SwarmSec"
          ]
        }
      ]
    },
    {
      "mode": "managed",
      "type": "null_resource",
      "name": "worker2_buildApp",
      "provider": "provider[\"registry.terraform.io/hashicorp/null\"]",
      "instances": [
        {
          "schema_version": 0,
          "attributes": {
            "id": "7483143638782896459",
            "triggers": {
              "thisfile_hash": "5fa06ccccc31e963476dcd2a6435a1c25b00591f"
            }
          },
          "sensitive_attributes": [],
          "private": "bnVsbA==",
          "dependencies": [
            "data.template_file.user_data",
            "null_resource.InstallDocker",
            "null_resource.swarmManager_copyAndBuildApp",
            "null_resource.volume_formattingAndMounting",
            "null_resource.volume_mount_worker1",
            "null_resource.volume_mount_worker2",
            "null_resource.worker1_buildApp",
            "openstack_blockstorage_volume_v3.volume_1",
            "openstack_compute_instance_v2.SwarmManager",
            "openstack_compute_instance_v2.Worker1",
            "openstack_compute_instance_v2.Worker2",
            "openstack_compute_volume_attach_v2.attach_manager",
            "openstack_compute_volume_attach_v2.attach_worker1",
            "openstack_compute_volume_attach_v2.attach_worker2",
            "openstack_networking_secgroup_v2.SwarmSec"
          ]
        }
      ]
    },
    {
      "mode": "managed",
      "type": "openstack_blockstorage_volume_v3",
      "name": "volume_1",
      "provider": "provider[\"registry.terraform.io/terraform-provider-openstack/openstack\"]",
      "instances": [
        {
          "schema_version": 0,
          "attributes": {
            "attachment": [],
            "availability_zone": "nova",
            "consistency_group_id": null,
            "description": "",
            "enable_online_resize": null,
            "id": "7921be24-f472-495a-a408-d41d5fcc599f",
            "image_id": null,
            "metadata": {},
            "multiattach": true,
            "name": "sharedvolume",
            "region": "Mannheim",
            "scheduler_hints": [],
            "size": 10,
            "snapshot_id": "",
            "source_replica": null,
            "source_vol_id": "",
            "timeouts": null,
            "volume_type": "default"
          },
          "sensitive_attributes": [],
          "private": "eyJlMmJmYjczMC1lY2FhLTExZTYtOGY4OC0zNDM2M2JjN2M0YzAiOnsiY3JlYXRlIjo2MDAwMDAwMDAwMDAsImRlbGV0ZSI6NjAwMDAwMDAwMDAwfX0="
        }
      ]
    },
    {
      "mode": "managed",
      "type": "openstack_compute_instance_v2",
      "name": "SwarmManager",
      "provider": "provider[\"registry.terraform.io/terraform-provider-openstack/openstack\"]",
      "instances": [
        {
          "schema_version": 0,
          "attributes": {
            "access_ip_v4": "193.196.53.136",
            "access_ip_v6": "[2001:7c0:2320:1:f816:3eff:fe56:e58]",
            "admin_pass": null,
            "all_metadata": {},
            "all_tags": [],
            "availability_zone": "nova",
            "availability_zone_hints": null,
            "block_device": [],
            "config_drive": null,
            "flavor_id": "94013f91-51d4-4f29-aca6-7607cb2bed81",
            "flavor_name": "m1.small",
            "floating_ip": null,
            "force_delete": false,
            "id": "3e8cf211-1bdd-4e4d-92bf-33d8fe900c97",
            "image_id": "e6da7b16-5fef-4a15-a417-db4f68c30312",
            "image_name": "Debian 11",
            "key_pair": "Windows",
            "metadata": null,
            "name": "SwarmManager",
            "network": [
              {
                "access_network": false,
                "fixed_ip_v4": "193.196.53.136",
                "fixed_ip_v6": "[2001:7c0:2320:1:f816:3eff:fe56:e58]",
                "floating_ip": "",
                "mac": "fa:16:3e:56:0e:58",
                "name": "public-belwue",
                "port": "",
                "uuid": "c4eafee4-e84d-45ca-92a6-238302b75083"
              }
            ],
            "network_mode": null,
            "personality": [],
            "power_state": "active",
            "region": "Mannheim",
            "scheduler_hints": [],
            "security_groups": [
              "SwarmSec"
            ],
            "stop_before_destroy": false,
            "tags": null,
            "timeouts": null,
            "user_data": "c1a6320ce05fdb01c6694d445fb7533832e535c9",
            "vendor_options": [],
            "volume": []
          },
          "sensitive_attributes": [],
          "private": "eyJlMmJmYjczMC1lY2FhLTExZTYtOGY4OC0zNDM2M2JjN2M0YzAiOnsiY3JlYXRlIjoxODAwMDAwMDAwMDAwLCJkZWxldGUiOjE4MDAwMDAwMDAwMDAsInVwZGF0ZSI6MTgwMDAwMDAwMDAwMH19",
          "dependencies": [
            "data.template_file.user_data",
            "openstack_networking_secgroup_v2.SwarmSec"
          ]
        }
      ]
    },
    {
      "mode": "managed",
      "type": "openstack_compute_instance_v2",
      "name": "Worker1",
      "provider": "provider[\"registry.terraform.io/terraform-provider-openstack/openstack\"]",
      "instances": [
        {
          "schema_version": 0,
          "attributes": {
            "access_ip_v4": "193.196.55.23",
            "access_ip_v6": "[2001:7c0:2320:1:f816:3eff:fed7:cb01]",
            "admin_pass": null,
            "all_metadata": {},
            "all_tags": [],
            "availability_zone": "nova",
            "availability_zone_hints": null,
            "block_device": [],
            "config_drive": null,
            "flavor_id": "94013f91-51d4-4f29-aca6-7607cb2bed81",
            "flavor_name": "m1.small",
            "floating_ip": null,
            "force_delete": false,
            "id": "1fdd3ed4-fbc6-4fc4-8e1d-e787d2c73b36",
            "image_id": "e6da7b16-5fef-4a15-a417-db4f68c30312",
            "image_name": "Debian 11",
            "key_pair": "Windows",
            "metadata": null,
            "name": "Worker1",
            "network": [
              {
                "access_network": false,
                "fixed_ip_v4": "193.196.55.23",
                "fixed_ip_v6": "[2001:7c0:2320:1:f816:3eff:fed7:cb01]",
                "floating_ip": "",
                "mac": "fa:16:3e:d7:cb:01",
                "name": "public-belwue",
                "port": "",
                "uuid": "c4eafee4-e84d-45ca-92a6-238302b75083"
              }
            ],
            "network_mode": null,
            "personality": [],
            "power_state": "active",
            "region": "Mannheim",
            "scheduler_hints": [],
            "security_groups": [
              "SwarmSec"
            ],
            "stop_before_destroy": false,
            "tags": null,
            "timeouts": null,
            "user_data": "c1a6320ce05fdb01c6694d445fb7533832e535c9",
            "vendor_options": [],
            "volume": []
          },
          "sensitive_attributes": [],
          "private": "eyJlMmJmYjczMC1lY2FhLTExZTYtOGY4OC0zNDM2M2JjN2M0YzAiOnsiY3JlYXRlIjoxODAwMDAwMDAwMDAwLCJkZWxldGUiOjE4MDAwMDAwMDAwMDAsInVwZGF0ZSI6MTgwMDAwMDAwMDAwMH19",
          "dependencies": [
            "data.template_file.user_data",
            "openstack_networking_secgroup_v2.SwarmSec"
          ]
        }
      ]
    },
    {
      "mode": "managed",
      "type": "openstack_compute_instance_v2",
      "name": "Worker2",
      "provider": "provider[\"registry.terraform.io/terraform-provider-openstack/openstack\"]",
      "instances": [
        {
          "schema_version": 0,
          "attributes": {
            "access_ip_v4": "193.196.55.129",
            "access_ip_v6": "[2001:7c0:2320:1:f816:3eff:fe27:15e7]",
            "admin_pass": null,
            "all_metadata": {},
            "all_tags": [],
            "availability_zone": "nova",
            "availability_zone_hints": null,
            "block_device": [],
            "config_drive": null,
            "flavor_id": "94013f91-51d4-4f29-aca6-7607cb2bed81",
            "flavor_name": "m1.small",
            "floating_ip": null,
            "force_delete": false,
            "id": "14a3fa23-ce16-4ca3-b8dc-c78195807bbb",
            "image_id": "e6da7b16-5fef-4a15-a417-db4f68c30312",
            "image_name": "Debian 11",
            "key_pair": "Windows",
            "metadata": null,
            "name": "Worker2",
            "network": [
              {
                "access_network": false,
                "fixed_ip_v4": "193.196.55.129",
                "fixed_ip_v6": "[2001:7c0:2320:1:f816:3eff:fe27:15e7]",
                "floating_ip": "",
                "mac": "fa:16:3e:27:15:e7",
                "name": "public-belwue",
                "port": "",
                "uuid": "c4eafee4-e84d-45ca-92a6-238302b75083"
              }
            ],
            "network_mode": null,
            "personality": [],
            "power_state": "active",
            "region": "Mannheim",
            "scheduler_hints": [],
            "security_groups": [
              "SwarmSec"
            ],
            "stop_before_destroy": false,
            "tags": null,
            "timeouts": null,
            "user_data": "c1a6320ce05fdb01c6694d445fb7533832e535c9",
            "vendor_options": [],
            "volume": []
          },
          "sensitive_attributes": [],
          "private": "eyJlMmJmYjczMC1lY2FhLTExZTYtOGY4OC0zNDM2M2JjN2M0YzAiOnsiY3JlYXRlIjoxODAwMDAwMDAwMDAwLCJkZWxldGUiOjE4MDAwMDAwMDAwMDAsInVwZGF0ZSI6MTgwMDAwMDAwMDAwMH19",
          "dependencies": [
            "data.template_file.user_data",
            "openstack_networking_secgroup_v2.SwarmSec"
          ]
        }
      ]
    },
    {
      "mode": "managed",
      "type": "openstack_compute_volume_attach_v2",
      "name": "attach_manager",
      "provider": "provider[\"registry.terraform.io/terraform-provider-openstack/openstack\"]",
      "instances": [
        {
          "schema_version": 0,
          "attributes": {
            "device": "/dev/vdb",
            "id": "3e8cf211-1bdd-4e4d-92bf-33d8fe900c97/7921be24-f472-495a-a408-d41d5fcc599f",
            "instance_id": "3e8cf211-1bdd-4e4d-92bf-33d8fe900c97",
            "multiattach": true,
            "region": "Mannheim",
            "timeouts": null,
            "vendor_options": [],
            "volume_id": "7921be24-f472-495a-a408-d41d5fcc599f"
          },
          "sensitive_attributes": [],
          "private": "eyJlMmJmYjczMC1lY2FhLTExZTYtOGY4OC0zNDM2M2JjN2M0YzAiOnsiY3JlYXRlIjo2MDAwMDAwMDAwMDAsImRlbGV0ZSI6NjAwMDAwMDAwMDAwfX0=",
          "dependencies": [
            "data.template_file.user_data",
            "openstack_blockstorage_volume_v3.volume_1",
            "openstack_compute_instance_v2.SwarmManager",
            "openstack_networking_secgroup_v2.SwarmSec"
          ]
        }
      ]
    },
    {
      "mode": "managed",
      "type": "openstack_compute_volume_attach_v2",
      "name": "attach_worker1",
      "provider": "provider[\"registry.terraform.io/terraform-provider-openstack/openstack\"]",
      "instances": [
        {
          "schema_version": 0,
          "attributes": {
            "device": "/dev/vdb",
            "id": "1fdd3ed4-fbc6-4fc4-8e1d-e787d2c73b36/7921be24-f472-495a-a408-d41d5fcc599f",
            "instance_id": "1fdd3ed4-fbc6-4fc4-8e1d-e787d2c73b36",
            "multiattach": true,
            "region": "Mannheim",
            "timeouts": null,
            "vendor_options": [],
            "volume_id": "7921be24-f472-495a-a408-d41d5fcc599f"
          },
          "sensitive_attributes": [],
          "private": "eyJlMmJmYjczMC1lY2FhLTExZTYtOGY4OC0zNDM2M2JjN2M0YzAiOnsiY3JlYXRlIjo2MDAwMDAwMDAwMDAsImRlbGV0ZSI6NjAwMDAwMDAwMDAwfX0=",
          "dependencies": [
            "data.template_file.user_data",
            "openstack_blockstorage_volume_v3.volume_1",
            "openstack_compute_instance_v2.Worker1",
            "openstack_networking_secgroup_v2.SwarmSec"
          ]
        }
      ]
    },
    {
      "mode": "managed",
      "type": "openstack_compute_volume_attach_v2",
      "name": "attach_worker2",
      "provider": "provider[\"registry.terraform.io/terraform-provider-openstack/openstack\"]",
      "instances": [
        {
          "schema_version": 0,
          "attributes": {
            "device": "/dev/vdb",
            "id": "14a3fa23-ce16-4ca3-b8dc-c78195807bbb/7921be24-f472-495a-a408-d41d5fcc599f",
            "instance_id": "14a3fa23-ce16-4ca3-b8dc-c78195807bbb",
            "multiattach": true,
            "region": "Mannheim",
            "timeouts": null,
            "vendor_options": [],
            "volume_id": "7921be24-f472-495a-a408-d41d5fcc599f"
          },
          "sensitive_attributes": [],
          "private": "eyJlMmJmYjczMC1lY2FhLTExZTYtOGY4OC0zNDM2M2JjN2M0YzAiOnsiY3JlYXRlIjo2MDAwMDAwMDAwMDAsImRlbGV0ZSI6NjAwMDAwMDAwMDAwfX0=",
          "dependencies": [
            "data.template_file.user_data",
            "openstack_blockstorage_volume_v3.volume_1",
            "openstack_compute_instance_v2.Worker2",
            "openstack_networking_secgroup_v2.SwarmSec"
          ]
        }
      ]
    },
    {
      "mode": "managed",
      "type": "openstack_networking_secgroup_rule_v2",
      "name": "workerrule1",
      "provider": "provider[\"registry.terraform.io/terraform-provider-openstack/openstack\"]",
      "instances": [
        {
          "schema_version": 0,
          "attributes": {
            "description": "",
            "direction": "ingress",
            "ethertype": "IPv4",
            "id": "90d9491a-39c4-448a-ac00-3db042eb0aeb",
            "port_range_max": 0,
            "port_range_min": 0,
            "protocol": "tcp",
            "region": "Mannheim",
            "remote_group_id": "",
            "remote_ip_prefix": "0.0.0.0/0",
            "security_group_id": "dc5cbb5a-85b3-46fc-b7ba-9f2b5ef171a6",
            "tenant_id": "1037a76bd95840ca8bc89356d5242385",
            "timeouts": null
          },
          "sensitive_attributes": [],
          "private": "eyJlMmJmYjczMC1lY2FhLTExZTYtOGY4OC0zNDM2M2JjN2M0YzAiOnsiZGVsZXRlIjo2MDAwMDAwMDAwMDB9fQ==",
          "dependencies": [
            "openstack_networking_secgroup_v2.SwarmSec"
          ]
        }
      ]
    },
    {
      "mode": "managed",
      "type": "openstack_networking_secgroup_rule_v2",
      "name": "workerrule1a",
      "provider": "provider[\"registry.terraform.io/terraform-provider-openstack/openstack\"]",
      "instances": [
        {
          "schema_version": 0,
          "attributes": {
            "description": "",
            "direction": "ingress",
            "ethertype": "IPv4",
            "id": "06458def-eb71-442d-b35b-797880ad8254",
            "port_range_max": 0,
            "port_range_min": 0,
            "protocol": "icmp",
            "region": "Mannheim",
            "remote_group_id": "",
            "remote_ip_prefix": "0.0.0.0/0",
            "security_group_id": "dc5cbb5a-85b3-46fc-b7ba-9f2b5ef171a6",
            "tenant_id": "1037a76bd95840ca8bc89356d5242385",
            "timeouts": null
          },
          "sensitive_attributes": [],
          "private": "eyJlMmJmYjczMC1lY2FhLTExZTYtOGY4OC0zNDM2M2JjN2M0YzAiOnsiZGVsZXRlIjo2MDAwMDAwMDAwMDB9fQ==",
          "dependencies": [
            "openstack_networking_secgroup_v2.SwarmSec"
          ]
        }
      ]
    },
    {
      "mode": "managed",
      "type": "openstack_networking_secgroup_rule_v2",
      "name": "workerrule1b",
      "provider": "provider[\"registry.terraform.io/terraform-provider-openstack/openstack\"]",
      "instances": [
        {
          "schema_version": 0,
          "attributes": {
            "description": "",
            "direction": "ingress",
            "ethertype": "IPv4",
            "id": "f1a2d827-0b82-4ea1-956e-6d4f71456c88",
            "port_range_max": 0,
            "port_range_min": 0,
            "protocol": "udp",
            "region": "Mannheim",
            "remote_group_id": "",
            "remote_ip_prefix": "0.0.0.0/0",
            "security_group_id": "dc5cbb5a-85b3-46fc-b7ba-9f2b5ef171a6",
            "tenant_id": "1037a76bd95840ca8bc89356d5242385",
            "timeouts": null
          },
          "sensitive_attributes": [],
          "private": "eyJlMmJmYjczMC1lY2FhLTExZTYtOGY4OC0zNDM2M2JjN2M0YzAiOnsiZGVsZXRlIjo2MDAwMDAwMDAwMDB9fQ==",
          "dependencies": [
            "openstack_networking_secgroup_v2.SwarmSec"
          ]
        }
      ]
    },
    {
      "mode": "managed",
      "type": "openstack_networking_secgroup_rule_v2",
      "name": "workerrule2",
      "provider": "provider[\"registry.terraform.io/terraform-provider-openstack/openstack\"]",
      "instances": [
        {
          "schema_version": 0,
          "attributes": {
            "description": "",
            "direction": "ingress",
            "ethertype": "IPv4",
            "id": "aeffba65-b65d-4c5b-9757-8cfcd3a702ad",
            "port_range_max": 0,
            "port_range_min": 0,
            "protocol": "tcp",
            "region": "Mannheim",
            "remote_group_id": "",
            "remote_ip_prefix": "192.168.0.0/16",
            "security_group_id": "9db218ae-aebc-45c4-a271-02cb67d9fe91",
            "tenant_id": "1037a76bd95840ca8bc89356d5242385",
            "timeouts": null
          },
          "sensitive_attributes": [],
          "private": "eyJlMmJmYjczMC1lY2FhLTExZTYtOGY4OC0zNDM2M2JjN2M0YzAiOnsiZGVsZXRlIjo2MDAwMDAwMDAwMDB9fQ==",
          "dependencies": [
            "openstack_networking_secgroup_v2.SwarmWorkerSec"
          ]
        }
      ]
    },
    {
      "mode": "managed",
      "type": "openstack_networking_secgroup_rule_v2",
      "name": "workerrule2a",
      "provider": "provider[\"registry.terraform.io/terraform-provider-openstack/openstack\"]",
      "instances": [
        {
          "schema_version": 0,
          "attributes": {
            "description": "",
            "direction": "ingress",
            "ethertype": "IPv4",
            "id": "69dc9ec1-e394-4790-9bfa-37063205d471",
            "port_range_max": 0,
            "port_range_min": 0,
            "protocol": "icmp",
            "region": "Mannheim",
            "remote_group_id": "",
            "remote_ip_prefix": "192.168.0.0/16",
            "security_group_id": "9db218ae-aebc-45c4-a271-02cb67d9fe91",
            "tenant_id": "1037a76bd95840ca8bc89356d5242385",
            "timeouts": null
          },
          "sensitive_attributes": [],
          "private": "eyJlMmJmYjczMC1lY2FhLTExZTYtOGY4OC0zNDM2M2JjN2M0YzAiOnsiZGVsZXRlIjo2MDAwMDAwMDAwMDB9fQ==",
          "dependencies": [
            "openstack_networking_secgroup_v2.SwarmWorkerSec"
          ]
        }
      ]
    },
    {
      "mode": "managed",
      "type": "openstack_networking_secgroup_rule_v2",
      "name": "workerrule2b",
      "provider": "provider[\"registry.terraform.io/terraform-provider-openstack/openstack\"]",
      "instances": [
        {
          "schema_version": 0,
          "attributes": {
            "description": "",
            "direction": "ingress",
            "ethertype": "IPv4",
            "id": "fdb65e62-27b4-4550-84eb-3c5bb9624f05",
            "port_range_max": 0,
            "port_range_min": 0,
            "protocol": "udp",
            "region": "Mannheim",
            "remote_group_id": "",
            "remote_ip_prefix": "192.168.0.0/16",
            "security_group_id": "9db218ae-aebc-45c4-a271-02cb67d9fe91",
            "tenant_id": "1037a76bd95840ca8bc89356d5242385",
            "timeouts": null
          },
          "sensitive_attributes": [],
          "private": "eyJlMmJmYjczMC1lY2FhLTExZTYtOGY4OC0zNDM2M2JjN2M0YzAiOnsiZGVsZXRlIjo2MDAwMDAwMDAwMDB9fQ==",
          "dependencies": [
            "openstack_networking_secgroup_v2.SwarmWorkerSec"
          ]
        }
      ]
    },
    {
      "mode": "managed",
      "type": "openstack_networking_secgroup_v2",
      "name": "SwarmSec",
      "provider": "provider[\"registry.terraform.io/terraform-provider-openstack/openstack\"]",
      "instances": [
        {
          "schema_version": 0,
          "attributes": {
            "all_tags": [],
            "delete_default_rules": null,
            "description": "Terraform generated Security, to enable Docker Swarm Manager",
            "id": "dc5cbb5a-85b3-46fc-b7ba-9f2b5ef171a6",
            "name": "SwarmSec",
            "region": "Mannheim",
            "tags": null,
            "tenant_id": "1037a76bd95840ca8bc89356d5242385",
            "timeouts": null
          },
          "sensitive_attributes": [],
          "private": "eyJlMmJmYjczMC1lY2FhLTExZTYtOGY4OC0zNDM2M2JjN2M0YzAiOnsiZGVsZXRlIjo2MDAwMDAwMDAwMDB9fQ=="
        }
      ]
    },
    {
      "mode": "managed",
      "type": "openstack_networking_secgroup_v2",
      "name": "SwarmWorkerSec",
      "provider": "provider[\"registry.terraform.io/terraform-provider-openstack/openstack\"]",
      "instances": [
        {
          "schema_version": 0,
          "attributes": {
            "all_tags": [],
            "delete_default_rules": null,
            "description": "Terraform generated Security, to enable Docker Swarm Worker",
            "id": "9db218ae-aebc-45c4-a271-02cb67d9fe91",
            "name": "SwarmWorkerSec",
            "region": "Mannheim",
            "tags": null,
            "tenant_id": "1037a76bd95840ca8bc89356d5242385",
            "timeouts": null
          },
          "sensitive_attributes": [],
          "private": "eyJlMmJmYjczMC1lY2FhLTExZTYtOGY4OC0zNDM2M2JjN2M0YzAiOnsiZGVsZXRlIjo2MDAwMDAwMDAwMDB9fQ=="
        }
      ]
    }
  ]
}
