{
  "version": 4,
  "terraform_version": "1.1.9",
  "serial": 340,
  "lineage": "9885af80-a8fc-f384-014e-aa658b316223",
  "outputs": {},
  "resources": [
    {
      "mode": "data",
      "type": "template_file",
      "name": "user_data",
      "provider": "provider[\"registry.terraform.io/hashicorp/template\"]",
      "instances": [
        {
          "schema_version": 0,
          "attributes": {
            "filename": null,
            "id": "c27172e7249e59d927c9cfd33154a57da60f7ceaacb951092b00b6a673fe4512",
            "rendered": "groups:\r\n  - dhbw\r\n\r\nusers:\r\n  - default\r\n  - name: jonas\r\n    gecos: Jonas Haberstroh\r\n    shell: /bin/bash\r\n    primary_group: dhbw\r\n    sudo: ALL=(ALL) NOPASSWD:ALL\r\n    groups: users, admin, docker\r\n    passwd : jonasswarm\r\n    lock_passwd: false\r\n    ssh_authorized_keys:\r\n      - ssh-rsa AAAAB3NzaC1yc2EAAAADAQABAAABAQDNEDOkzcWytAhPTMrmf8D9jbXhblYaod51hbouP3aM8QC4nHA+nCm/MfdXH3dVZ9+lb5nBpPLJ5xMbekZxqbT169NfrbkFqpjZKLAQWmYF3rbx6U2SBNnd4P7Ox647aZ8mtn08M4IJStpA3UPtvg2AgXrIXfa3zX8xsPhNx/hMwET+NJr4QG/0AaUrtZXcST8PDQDIHFWXcBMqIaEah5ddL59M2Dw/XH6rr3tWkFLmDDdg+qtb4oBVdcq+V6bSsC39BXIUQsgS93m3hcrQFwjn4ubHGD3atJkQQTGTRjX3MDd4YIreHBvcPUgoGVbFIYG3/CtMJIlZfwGMuQr01frh Generated-by-Nova\r\n",
            "template": "groups:\r\n  - dhbw\r\n\r\nusers:\r\n  - default\r\n  - name: jonas\r\n    gecos: Jonas Haberstroh\r\n    shell: /bin/bash\r\n    primary_group: dhbw\r\n    sudo: ALL=(ALL) NOPASSWD:ALL\r\n    groups: users, admin, docker\r\n    passwd : jonasswarm\r\n    lock_passwd: false\r\n    ssh_authorized_keys:\r\n      - ssh-rsa AAAAB3NzaC1yc2EAAAADAQABAAABAQDNEDOkzcWytAhPTMrmf8D9jbXhblYaod51hbouP3aM8QC4nHA+nCm/MfdXH3dVZ9+lb5nBpPLJ5xMbekZxqbT169NfrbkFqpjZKLAQWmYF3rbx6U2SBNnd4P7Ox647aZ8mtn08M4IJStpA3UPtvg2AgXrIXfa3zX8xsPhNx/hMwET+NJr4QG/0AaUrtZXcST8PDQDIHFWXcBMqIaEah5ddL59M2Dw/XH6rr3tWkFLmDDdg+qtb4oBVdcq+V6bSsC39BXIUQsgS93m3hcrQFwjn4ubHGD3atJkQQTGTRjX3MDd4YIreHBvcPUgoGVbFIYG3/CtMJIlZfwGMuQr01frh Generated-by-Nova\r\n",
            "vars": null
          },
          "sensitive_attributes": []
        }
      ]
    },
    {
      "mode": "managed",
      "type": "null_resource",
      "name": "InstallDocker",
      "provider": "provider[\"registry.terraform.io/hashicorp/null\"]",
      "instances": [
        {
          "schema_version": 0,
          "attributes": {
            "id": "5354871066517228591",
            "triggers": null
          },
          "sensitive_attributes": [],
          "private": "bnVsbA==",
          "dependencies": [
            "data.template_file.user_data",
            "openstack_compute_instance_v2.SwarmManager",
            "openstack_compute_instance_v2.Worker1",
            "openstack_compute_instance_v2.Worker2",
            "openstack_networking_secgroup_v2.SwarmSec"
          ]
        }
      ]
    },
    {
      "mode": "managed",
      "type": "null_resource",
      "name": "softwareconfig",
      "provider": "provider[\"registry.terraform.io/hashicorp/null\"]",
      "instances": [
        {
          "schema_version": 0,
          "attributes": {
            "id": "4745145153024820057",
            "triggers": {
              "thisfile_hash": "268b89d2cb4a257723071f904e76ab993cb1d3cf"
            }
          },
          "sensitive_attributes": [],
          "private": "bnVsbA==",
          "dependencies": [
            "null_resource.InstallDocker",
            "null_resource.volumeformating",
            "null_resource.volumemountworker1",
            "null_resource.volumemountworker2",
            "openstack_compute_instance_v2.SwarmManager",
            "openstack_compute_instance_v2.Worker1",
            "openstack_compute_instance_v2.Worker2",
            "openstack_compute_volume_attach_v2.attach-1",
            "openstack_compute_volume_attach_v2.attach-2",
            "openstack_compute_volume_attach_v2.attach-3"
          ]
        }
      ]
    },
    {
      "mode": "managed",
      "type": "null_resource",
      "name": "volumeformating",
      "provider": "provider[\"registry.terraform.io/hashicorp/null\"]",
      "instances": [
        {
          "schema_version": 0,
          "attributes": {
            "id": "3739275431042662108",
            "triggers": null
          },
          "sensitive_attributes": [],
          "private": "bnVsbA==",
          "dependencies": [
            "data.template_file.user_data",
            "null_resource.InstallDocker",
            "openstack_blockstorage_volume_v3.volume_1",
            "openstack_compute_instance_v2.SwarmManager",
            "openstack_compute_instance_v2.Worker1",
            "openstack_compute_instance_v2.Worker2",
            "openstack_compute_volume_attach_v2.attach-1",
            "openstack_networking_secgroup_v2.SwarmSec"
          ]
        }
      ]
    },
    {
      "mode": "managed",
      "type": "null_resource",
      "name": "volumemountworker1",
      "provider": "provider[\"registry.terraform.io/hashicorp/null\"]",
      "instances": [
        {
          "schema_version": 0,
          "attributes": {
            "id": "5026155915871145400",
            "triggers": {
              "thisfile_hash": "268b89d2cb4a257723071f904e76ab993cb1d3cf"
            }
          },
          "sensitive_attributes": [],
          "private": "bnVsbA==",
          "dependencies": [
            "null_resource.InstallDocker",
            "null_resource.volumeformating",
            "openstack_compute_instance_v2.Worker1",
            "openstack_compute_volume_attach_v2.attach-1",
            "openstack_compute_volume_attach_v2.attach-2"
          ]
        }
      ]
    },
    {
      "mode": "managed",
      "type": "null_resource",
      "name": "volumemountworker2",
      "provider": "provider[\"registry.terraform.io/hashicorp/null\"]",
      "instances": [
        {
          "schema_version": 0,
          "attributes": {
            "id": "8965621907332216210",
            "triggers": {
              "thisfile_hash": "268b89d2cb4a257723071f904e76ab993cb1d3cf"
            }
          },
          "sensitive_attributes": [],
          "private": "bnVsbA==",
          "dependencies": [
            "null_resource.InstallDocker",
            "null_resource.volumeformating",
            "openstack_compute_instance_v2.Worker1",
            "openstack_compute_instance_v2.Worker2",
            "openstack_compute_volume_attach_v2.attach-1",
            "openstack_compute_volume_attach_v2.attach-3"
          ]
        }
      ]
    },
    {
      "mode": "managed",
      "type": "openstack_blockstorage_volume_v3",
      "name": "volume_1",
      "provider": "provider[\"registry.terraform.io/terraform-provider-openstack/openstack\"]",
      "instances": [
        {
          "schema_version": 0,
          "attributes": {
            "attachment": [
              {
                "device": "/dev/vdb",
                "id": "9ed5df88-56bc-4da4-8652-b87f46470e96",
                "instance_id": "00abec08-6c00-4da9-960c-2485bc6927d6"
              },
              {
                "device": "/dev/vdb",
                "id": "9ed5df88-56bc-4da4-8652-b87f46470e96",
                "instance_id": "19592253-39c5-46d6-ad10-f75ea0925f00"
              },
              {
                "device": "/dev/vdb",
                "id": "9ed5df88-56bc-4da4-8652-b87f46470e96",
                "instance_id": "fb62b511-503e-4f1b-8753-998ba436550b"
              }
            ],
            "availability_zone": "nova",
            "consistency_group_id": null,
            "description": "",
            "enable_online_resize": null,
            "id": "9ed5df88-56bc-4da4-8652-b87f46470e96",
            "image_id": null,
            "metadata": {},
            "multiattach": true,
            "name": "sharedvolume",
            "region": "Mannheim",
            "scheduler_hints": [],
            "size": 10,
            "snapshot_id": "",
            "source_replica": null,
            "source_vol_id": "",
            "timeouts": null,
            "volume_type": "default"
          },
          "sensitive_attributes": [],
          "private": "eyJlMmJmYjczMC1lY2FhLTExZTYtOGY4OC0zNDM2M2JjN2M0YzAiOnsiY3JlYXRlIjo2MDAwMDAwMDAwMDAsImRlbGV0ZSI6NjAwMDAwMDAwMDAwfX0="
        }
      ]
    },
    {
      "mode": "managed",
      "type": "openstack_compute_instance_v2",
      "name": "SwarmManager",
      "provider": "provider[\"registry.terraform.io/terraform-provider-openstack/openstack\"]",
      "instances": [
        {
          "schema_version": 0,
          "attributes": {
            "access_ip_v4": "193.196.52.219",
            "access_ip_v6": "[2001:7c0:2320:1:f816:3eff:feca:ec6d]",
            "admin_pass": null,
            "all_metadata": {},
            "all_tags": [],
            "availability_zone": "nova",
            "availability_zone_hints": null,
            "block_device": [],
            "config_drive": null,
            "flavor_id": "94013f91-51d4-4f29-aca6-7607cb2bed81",
            "flavor_name": "m1.small",
            "floating_ip": null,
            "force_delete": false,
            "id": "fb62b511-503e-4f1b-8753-998ba436550b",
            "image_id": "e6da7b16-5fef-4a15-a417-db4f68c30312",
            "image_name": "Debian 11",
            "key_pair": "Windows",
            "metadata": null,
            "name": "SwarmManager",
            "network": [
              {
                "access_network": false,
                "fixed_ip_v4": "193.196.52.219",
                "fixed_ip_v6": "[2001:7c0:2320:1:f816:3eff:feca:ec6d]",
                "floating_ip": "",
                "mac": "fa:16:3e:ca:ec:6d",
                "name": "public-belwue",
                "port": "",
                "uuid": "c4eafee4-e84d-45ca-92a6-238302b75083"
              }
            ],
            "network_mode": null,
            "personality": [],
            "power_state": "active",
            "region": "Mannheim",
            "scheduler_hints": [],
            "security_groups": [
              "SwarmSec"
            ],
            "stop_before_destroy": false,
            "tags": [],
            "timeouts": null,
            "user_data": "c1a6320ce05fdb01c6694d445fb7533832e535c9",
            "vendor_options": [],
            "volume": []
          },
          "sensitive_attributes": [],
          "private": "eyJlMmJmYjczMC1lY2FhLTExZTYtOGY4OC0zNDM2M2JjN2M0YzAiOnsiY3JlYXRlIjoxODAwMDAwMDAwMDAwLCJkZWxldGUiOjE4MDAwMDAwMDAwMDAsInVwZGF0ZSI6MTgwMDAwMDAwMDAwMH19",
          "dependencies": [
            "data.template_file.user_data",
            "openstack_networking_secgroup_v2.SwarmSec"
          ]
        }
      ]
    },
    {
      "mode": "managed",
      "type": "openstack_compute_instance_v2",
      "name": "Worker1",
      "provider": "provider[\"registry.terraform.io/terraform-provider-openstack/openstack\"]",
      "instances": [
        {
          "schema_version": 0,
          "attributes": {
            "access_ip_v4": "193.196.53.168",
            "access_ip_v6": "[2001:7c0:2320:1:f816:3eff:febe:ecc7]",
            "admin_pass": null,
            "all_metadata": {},
            "all_tags": [],
            "availability_zone": "nova",
            "availability_zone_hints": null,
            "block_device": [],
            "config_drive": null,
            "flavor_id": "94013f91-51d4-4f29-aca6-7607cb2bed81",
            "flavor_name": "m1.small",
            "floating_ip": null,
            "force_delete": false,
            "id": "00abec08-6c00-4da9-960c-2485bc6927d6",
            "image_id": "e6da7b16-5fef-4a15-a417-db4f68c30312",
            "image_name": "Debian 11",
            "key_pair": "Windows",
            "metadata": null,
            "name": "Worker1",
            "network": [
              {
                "access_network": false,
                "fixed_ip_v4": "193.196.53.168",
                "fixed_ip_v6": "[2001:7c0:2320:1:f816:3eff:febe:ecc7]",
                "floating_ip": "",
                "mac": "fa:16:3e:be:ec:c7",
                "name": "public-belwue",
                "port": "",
                "uuid": "c4eafee4-e84d-45ca-92a6-238302b75083"
              }
            ],
            "network_mode": null,
            "personality": [],
            "power_state": "active",
            "region": "Mannheim",
            "scheduler_hints": [],
            "security_groups": [
              "SwarmSec"
            ],
            "stop_before_destroy": false,
            "tags": [],
            "timeouts": null,
            "user_data": "c1a6320ce05fdb01c6694d445fb7533832e535c9",
            "vendor_options": [],
            "volume": []
          },
          "sensitive_attributes": [],
          "private": "eyJlMmJmYjczMC1lY2FhLTExZTYtOGY4OC0zNDM2M2JjN2M0YzAiOnsiY3JlYXRlIjoxODAwMDAwMDAwMDAwLCJkZWxldGUiOjE4MDAwMDAwMDAwMDAsInVwZGF0ZSI6MTgwMDAwMDAwMDAwMH19",
          "dependencies": [
            "data.template_file.user_data",
            "openstack_networking_secgroup_v2.SwarmSec"
          ]
        }
      ]
    },
    {
      "mode": "managed",
      "type": "openstack_compute_instance_v2",
      "name": "Worker2",
      "provider": "provider[\"registry.terraform.io/terraform-provider-openstack/openstack\"]",
      "instances": [
        {
          "schema_version": 0,
          "attributes": {
            "access_ip_v4": "193.196.55.152",
            "access_ip_v6": "[2001:7c0:2320:1:f816:3eff:fe6b:d7b7]",
            "admin_pass": null,
            "all_metadata": {},
            "all_tags": [],
            "availability_zone": "nova",
            "availability_zone_hints": null,
            "block_device": [],
            "config_drive": null,
            "flavor_id": "94013f91-51d4-4f29-aca6-7607cb2bed81",
            "flavor_name": "m1.small",
            "floating_ip": null,
            "force_delete": false,
            "id": "19592253-39c5-46d6-ad10-f75ea0925f00",
            "image_id": "e6da7b16-5fef-4a15-a417-db4f68c30312",
            "image_name": "Debian 11",
            "key_pair": "Windows",
            "metadata": null,
            "name": "Worker2",
            "network": [
              {
                "access_network": false,
                "fixed_ip_v4": "193.196.55.152",
                "fixed_ip_v6": "[2001:7c0:2320:1:f816:3eff:fe6b:d7b7]",
                "floating_ip": "",
                "mac": "fa:16:3e:6b:d7:b7",
                "name": "public-belwue",
                "port": "",
                "uuid": "c4eafee4-e84d-45ca-92a6-238302b75083"
              }
            ],
            "network_mode": null,
            "personality": [],
            "power_state": "active",
            "region": "Mannheim",
            "scheduler_hints": [],
            "security_groups": [
              "SwarmSec"
            ],
            "stop_before_destroy": false,
            "tags": [],
            "timeouts": null,
            "user_data": "c1a6320ce05fdb01c6694d445fb7533832e535c9",
            "vendor_options": [],
            "volume": []
          },
          "sensitive_attributes": [],
          "private": "eyJlMmJmYjczMC1lY2FhLTExZTYtOGY4OC0zNDM2M2JjN2M0YzAiOnsiY3JlYXRlIjoxODAwMDAwMDAwMDAwLCJkZWxldGUiOjE4MDAwMDAwMDAwMDAsInVwZGF0ZSI6MTgwMDAwMDAwMDAwMH19",
          "dependencies": [
            "data.template_file.user_data",
            "openstack_networking_secgroup_v2.SwarmSec"
          ]
        }
      ]
    },
    {
      "mode": "managed",
      "type": "openstack_compute_volume_attach_v2",
      "name": "attach-1",
      "provider": "provider[\"registry.terraform.io/terraform-provider-openstack/openstack\"]",
      "instances": [
        {
          "schema_version": 0,
          "attributes": {
            "device": "/dev/vdb",
            "id": "fb62b511-503e-4f1b-8753-998ba436550b/9ed5df88-56bc-4da4-8652-b87f46470e96",
            "instance_id": "fb62b511-503e-4f1b-8753-998ba436550b",
            "multiattach": true,
            "region": "Mannheim",
            "timeouts": null,
            "vendor_options": [],
            "volume_id": "9ed5df88-56bc-4da4-8652-b87f46470e96"
          },
          "sensitive_attributes": [],
          "private": "eyJlMmJmYjczMC1lY2FhLTExZTYtOGY4OC0zNDM2M2JjN2M0YzAiOnsiY3JlYXRlIjo2MDAwMDAwMDAwMDAsImRlbGV0ZSI6NjAwMDAwMDAwMDAwfX0=",
          "dependencies": [
            "data.template_file.user_data",
            "openstack_blockstorage_volume_v3.volume_1",
            "openstack_compute_instance_v2.SwarmManager",
            "openstack_networking_secgroup_v2.SwarmSec"
          ]
        }
      ]
    },
    {
      "mode": "managed",
      "type": "openstack_compute_volume_attach_v2",
      "name": "attach-2",
      "provider": "provider[\"registry.terraform.io/terraform-provider-openstack/openstack\"]",
      "instances": [
        {
          "schema_version": 0,
          "attributes": {
            "device": "/dev/vdb",
            "id": "00abec08-6c00-4da9-960c-2485bc6927d6/9ed5df88-56bc-4da4-8652-b87f46470e96",
            "instance_id": "00abec08-6c00-4da9-960c-2485bc6927d6",
            "multiattach": true,
            "region": "Mannheim",
            "timeouts": null,
            "vendor_options": [],
            "volume_id": "9ed5df88-56bc-4da4-8652-b87f46470e96"
          },
          "sensitive_attributes": [],
          "private": "eyJlMmJmYjczMC1lY2FhLTExZTYtOGY4OC0zNDM2M2JjN2M0YzAiOnsiY3JlYXRlIjo2MDAwMDAwMDAwMDAsImRlbGV0ZSI6NjAwMDAwMDAwMDAwfX0=",
          "dependencies": [
            "data.template_file.user_data",
            "openstack_blockstorage_volume_v3.volume_1",
            "openstack_compute_instance_v2.Worker1",
            "openstack_networking_secgroup_v2.SwarmSec"
          ]
        }
      ]
    },
    {
      "mode": "managed",
      "type": "openstack_compute_volume_attach_v2",
      "name": "attach-3",
      "provider": "provider[\"registry.terraform.io/terraform-provider-openstack/openstack\"]",
      "instances": [
        {
          "schema_version": 0,
          "attributes": {
            "device": "/dev/vdb",
            "id": "19592253-39c5-46d6-ad10-f75ea0925f00/9ed5df88-56bc-4da4-8652-b87f46470e96",
            "instance_id": "19592253-39c5-46d6-ad10-f75ea0925f00",
            "multiattach": true,
            "region": "Mannheim",
            "timeouts": null,
            "vendor_options": [],
            "volume_id": "9ed5df88-56bc-4da4-8652-b87f46470e96"
          },
          "sensitive_attributes": [],
          "private": "eyJlMmJmYjczMC1lY2FhLTExZTYtOGY4OC0zNDM2M2JjN2M0YzAiOnsiY3JlYXRlIjo2MDAwMDAwMDAwMDAsImRlbGV0ZSI6NjAwMDAwMDAwMDAwfX0=",
          "dependencies": [
            "data.template_file.user_data",
            "openstack_blockstorage_volume_v3.volume_1",
            "openstack_compute_instance_v2.Worker2",
            "openstack_networking_secgroup_v2.SwarmSec"
          ]
        }
      ]
    },
    {
      "mode": "managed",
      "type": "openstack_networking_secgroup_rule_v2",
      "name": "workerrule1",
      "provider": "provider[\"registry.terraform.io/terraform-provider-openstack/openstack\"]",
      "instances": [
        {
          "schema_version": 0,
          "attributes": {
            "description": "",
            "direction": "ingress",
            "ethertype": "IPv4",
            "id": "dccde8e5-93ee-4407-b415-1bf3808a6296",
            "port_range_max": 0,
            "port_range_min": 0,
            "protocol": "tcp",
            "region": "Mannheim",
            "remote_group_id": "",
            "remote_ip_prefix": "0.0.0.0/0",
            "security_group_id": "591e92f9-b2b1-4853-98ff-e9cb9b6c55c8",
            "tenant_id": "1037a76bd95840ca8bc89356d5242385",
            "timeouts": null
          },
          "sensitive_attributes": [],
          "private": "eyJlMmJmYjczMC1lY2FhLTExZTYtOGY4OC0zNDM2M2JjN2M0YzAiOnsiZGVsZXRlIjo2MDAwMDAwMDAwMDB9fQ==",
          "dependencies": [
            "openstack_networking_secgroup_v2.SwarmSec"
          ]
        }
      ]
    },
    {
      "mode": "managed",
      "type": "openstack_networking_secgroup_rule_v2",
      "name": "workerrule1a",
      "provider": "provider[\"registry.terraform.io/terraform-provider-openstack/openstack\"]",
      "instances": [
        {
          "schema_version": 0,
          "attributes": {
            "description": "",
            "direction": "ingress",
            "ethertype": "IPv4",
            "id": "82fc4de8-ece6-4776-bd52-e4c7019d5220",
            "port_range_max": 0,
            "port_range_min": 0,
            "protocol": "icmp",
            "region": "Mannheim",
            "remote_group_id": "",
            "remote_ip_prefix": "0.0.0.0/0",
            "security_group_id": "591e92f9-b2b1-4853-98ff-e9cb9b6c55c8",
            "tenant_id": "1037a76bd95840ca8bc89356d5242385",
            "timeouts": null
          },
          "sensitive_attributes": [],
          "private": "eyJlMmJmYjczMC1lY2FhLTExZTYtOGY4OC0zNDM2M2JjN2M0YzAiOnsiZGVsZXRlIjo2MDAwMDAwMDAwMDB9fQ==",
          "dependencies": [
            "openstack_networking_secgroup_v2.SwarmSec"
          ]
        }
      ]
    },
    {
      "mode": "managed",
      "type": "openstack_networking_secgroup_rule_v2",
      "name": "workerrule1b",
      "provider": "provider[\"registry.terraform.io/terraform-provider-openstack/openstack\"]",
      "instances": [
        {
          "schema_version": 0,
          "attributes": {
            "description": "",
            "direction": "ingress",
            "ethertype": "IPv4",
            "id": "16be11bd-d6c6-40ce-8032-dac4edff6ad1",
            "port_range_max": 0,
            "port_range_min": 0,
            "protocol": "udp",
            "region": "Mannheim",
            "remote_group_id": "",
            "remote_ip_prefix": "0.0.0.0/0",
            "security_group_id": "591e92f9-b2b1-4853-98ff-e9cb9b6c55c8",
            "tenant_id": "1037a76bd95840ca8bc89356d5242385",
            "timeouts": null
          },
          "sensitive_attributes": [],
          "private": "eyJlMmJmYjczMC1lY2FhLTExZTYtOGY4OC0zNDM2M2JjN2M0YzAiOnsiZGVsZXRlIjo2MDAwMDAwMDAwMDB9fQ==",
          "dependencies": [
            "openstack_networking_secgroup_v2.SwarmSec"
          ]
        }
      ]
    },
    {
      "mode": "managed",
      "type": "openstack_networking_secgroup_rule_v2",
      "name": "workerrule2",
      "provider": "provider[\"registry.terraform.io/terraform-provider-openstack/openstack\"]",
      "instances": [
        {
          "schema_version": 0,
          "attributes": {
            "description": "",
            "direction": "ingress",
            "ethertype": "IPv4",
            "id": "67c11dc1-03e6-437a-9b5d-bde8d3325fbe",
            "port_range_max": 0,
            "port_range_min": 0,
            "protocol": "tcp",
            "region": "Mannheim",
            "remote_group_id": "",
            "remote_ip_prefix": "192.168.0.0/16",
            "security_group_id": "7dacf010-4082-47a9-8ea7-7a72e3ae6b50",
            "tenant_id": "1037a76bd95840ca8bc89356d5242385",
            "timeouts": null
          },
          "sensitive_attributes": [],
          "private": "eyJlMmJmYjczMC1lY2FhLTExZTYtOGY4OC0zNDM2M2JjN2M0YzAiOnsiZGVsZXRlIjo2MDAwMDAwMDAwMDB9fQ==",
          "dependencies": [
            "openstack_networking_secgroup_v2.SwarmWorkerSec"
          ]
        }
      ]
    },
    {
      "mode": "managed",
      "type": "openstack_networking_secgroup_rule_v2",
      "name": "workerrule2a",
      "provider": "provider[\"registry.terraform.io/terraform-provider-openstack/openstack\"]",
      "instances": [
        {
          "schema_version": 0,
          "attributes": {
            "description": "",
            "direction": "ingress",
            "ethertype": "IPv4",
            "id": "aa54aad9-2b07-441d-9fd8-2f75a71c0c85",
            "port_range_max": 0,
            "port_range_min": 0,
            "protocol": "icmp",
            "region": "Mannheim",
            "remote_group_id": "",
            "remote_ip_prefix": "192.168.0.0/16",
            "security_group_id": "7dacf010-4082-47a9-8ea7-7a72e3ae6b50",
            "tenant_id": "1037a76bd95840ca8bc89356d5242385",
            "timeouts": null
          },
          "sensitive_attributes": [],
          "private": "eyJlMmJmYjczMC1lY2FhLTExZTYtOGY4OC0zNDM2M2JjN2M0YzAiOnsiZGVsZXRlIjo2MDAwMDAwMDAwMDB9fQ==",
          "dependencies": [
            "openstack_networking_secgroup_v2.SwarmWorkerSec"
          ]
        }
      ]
    },
    {
      "mode": "managed",
      "type": "openstack_networking_secgroup_rule_v2",
      "name": "workerrule2b",
      "provider": "provider[\"registry.terraform.io/terraform-provider-openstack/openstack\"]",
      "instances": [
        {
          "schema_version": 0,
          "attributes": {
            "description": "",
            "direction": "ingress",
            "ethertype": "IPv4",
            "id": "27cf6496-bf29-4c01-ab8a-de3558eda7dd",
            "port_range_max": 0,
            "port_range_min": 0,
            "protocol": "udp",
            "region": "Mannheim",
            "remote_group_id": "",
            "remote_ip_prefix": "192.168.0.0/16",
            "security_group_id": "7dacf010-4082-47a9-8ea7-7a72e3ae6b50",
            "tenant_id": "1037a76bd95840ca8bc89356d5242385",
            "timeouts": null
          },
          "sensitive_attributes": [],
          "private": "eyJlMmJmYjczMC1lY2FhLTExZTYtOGY4OC0zNDM2M2JjN2M0YzAiOnsiZGVsZXRlIjo2MDAwMDAwMDAwMDB9fQ==",
          "dependencies": [
            "openstack_networking_secgroup_v2.SwarmWorkerSec"
          ]
        }
      ]
    },
    {
      "mode": "managed",
      "type": "openstack_networking_secgroup_v2",
      "name": "SwarmSec",
      "provider": "provider[\"registry.terraform.io/terraform-provider-openstack/openstack\"]",
      "instances": [
        {
          "schema_version": 0,
          "attributes": {
            "all_tags": [],
            "delete_default_rules": null,
            "description": "Terraform generated Security, to enable Docker Swarm Manager",
            "id": "591e92f9-b2b1-4853-98ff-e9cb9b6c55c8",
            "name": "SwarmSec",
            "region": "Mannheim",
            "tags": [],
            "tenant_id": "1037a76bd95840ca8bc89356d5242385",
            "timeouts": null
          },
          "sensitive_attributes": [],
          "private": "eyJlMmJmYjczMC1lY2FhLTExZTYtOGY4OC0zNDM2M2JjN2M0YzAiOnsiZGVsZXRlIjo2MDAwMDAwMDAwMDB9fQ=="
        }
      ]
    },
    {
      "mode": "managed",
      "type": "openstack_networking_secgroup_v2",
      "name": "SwarmWorkerSec",
      "provider": "provider[\"registry.terraform.io/terraform-provider-openstack/openstack\"]",
      "instances": [
        {
          "schema_version": 0,
          "attributes": {
            "all_tags": [],
            "delete_default_rules": null,
            "description": "Terraform generated Security, to enable Docker Swarm Worker",
            "id": "7dacf010-4082-47a9-8ea7-7a72e3ae6b50",
            "name": "SwarmWorkerSec",
            "region": "Mannheim",
            "tags": [],
            "tenant_id": "1037a76bd95840ca8bc89356d5242385",
            "timeouts": null
          },
          "sensitive_attributes": [],
          "private": "eyJlMmJmYjczMC1lY2FhLTExZTYtOGY4OC0zNDM2M2JjN2M0YzAiOnsiZGVsZXRlIjo2MDAwMDAwMDAwMDB9fQ=="
        }
      ]
    }
  ]
}
