{
  "version": 4,
  "terraform_version": "1.1.9",
  "serial": 188,
  "lineage": "9885af80-a8fc-f384-014e-aa658b316223",
  "outputs": {},
  "resources": [
    {
      "mode": "data",
      "type": "template_file",
      "name": "user_data",
      "provider": "provider[\"registry.terraform.io/hashicorp/template\"]",
      "instances": [
        {
          "schema_version": 0,
          "attributes": {
            "filename": null,
            "id": "c27172e7249e59d927c9cfd33154a57da60f7ceaacb951092b00b6a673fe4512",
            "rendered": "groups:\r\n  - dhbw\r\n\r\nusers:\r\n  - default\r\n  - name: jonas\r\n    gecos: Jonas Haberstroh\r\n    shell: /bin/bash\r\n    primary_group: dhbw\r\n    sudo: ALL=(ALL) NOPASSWD:ALL\r\n    groups: users, admin, docker\r\n    passwd : jonasswarm\r\n    lock_passwd: false\r\n    ssh_authorized_keys:\r\n      - ssh-rsa AAAAB3NzaC1yc2EAAAADAQABAAABAQDNEDOkzcWytAhPTMrmf8D9jbXhblYaod51hbouP3aM8QC4nHA+nCm/MfdXH3dVZ9+lb5nBpPLJ5xMbekZxqbT169NfrbkFqpjZKLAQWmYF3rbx6U2SBNnd4P7Ox647aZ8mtn08M4IJStpA3UPtvg2AgXrIXfa3zX8xsPhNx/hMwET+NJr4QG/0AaUrtZXcST8PDQDIHFWXcBMqIaEah5ddL59M2Dw/XH6rr3tWkFLmDDdg+qtb4oBVdcq+V6bSsC39BXIUQsgS93m3hcrQFwjn4ubHGD3atJkQQTGTRjX3MDd4YIreHBvcPUgoGVbFIYG3/CtMJIlZfwGMuQr01frh Generated-by-Nova\r\n",
            "template": "groups:\r\n  - dhbw\r\n\r\nusers:\r\n  - default\r\n  - name: jonas\r\n    gecos: Jonas Haberstroh\r\n    shell: /bin/bash\r\n    primary_group: dhbw\r\n    sudo: ALL=(ALL) NOPASSWD:ALL\r\n    groups: users, admin, docker\r\n    passwd : jonasswarm\r\n    lock_passwd: false\r\n    ssh_authorized_keys:\r\n      - ssh-rsa AAAAB3NzaC1yc2EAAAADAQABAAABAQDNEDOkzcWytAhPTMrmf8D9jbXhblYaod51hbouP3aM8QC4nHA+nCm/MfdXH3dVZ9+lb5nBpPLJ5xMbekZxqbT169NfrbkFqpjZKLAQWmYF3rbx6U2SBNnd4P7Ox647aZ8mtn08M4IJStpA3UPtvg2AgXrIXfa3zX8xsPhNx/hMwET+NJr4QG/0AaUrtZXcST8PDQDIHFWXcBMqIaEah5ddL59M2Dw/XH6rr3tWkFLmDDdg+qtb4oBVdcq+V6bSsC39BXIUQsgS93m3hcrQFwjn4ubHGD3atJkQQTGTRjX3MDd4YIreHBvcPUgoGVbFIYG3/CtMJIlZfwGMuQr01frh Generated-by-Nova\r\n",
            "vars": null
          },
          "sensitive_attributes": []
        }
      ]
    },
    {
      "mode": "managed",
      "type": "null_resource",
      "name": "InstallDocker",
      "provider": "provider[\"registry.terraform.io/hashicorp/null\"]",
      "instances": [
        {
          "schema_version": 0,
          "attributes": {
            "id": "3995139942290662085",
            "triggers": null
          },
          "sensitive_attributes": [],
          "private": "bnVsbA==",
          "dependencies": [
            "data.template_file.user_data",
            "openstack_compute_instance_v2.SwarmManager",
            "openstack_compute_instance_v2.Worker1",
            "openstack_compute_instance_v2.Worker2",
            "openstack_networking_secgroup_v2.SwarmSec"
          ]
        }
      ]
    },
    {
      "mode": "managed",
      "type": "null_resource",
      "name": "copydata",
      "provider": "provider[\"registry.terraform.io/hashicorp/null\"]",
      "instances": [
        {
          "schema_version": 0,
          "attributes": {
            "id": "4121371204876511942",
            "triggers": null
          },
          "sensitive_attributes": [],
          "private": "bnVsbA==",
          "dependencies": [
            "data.template_file.user_data",
            "null_resource.InstallDocker",
            "null_resource.softwareconfig",
            "null_resource.volumeformating",
            "null_resource.volumemountworker1",
            "null_resource.volumemountworker2",
            "openstack_blockstorage_volume_v3.volume_1",
            "openstack_compute_instance_v2.SwarmManager",
            "openstack_compute_instance_v2.Worker1",
            "openstack_compute_instance_v2.Worker2",
            "openstack_compute_volume_attach_v2.attach-1",
            "openstack_compute_volume_attach_v2.attach-2",
            "openstack_compute_volume_attach_v2.attach-3",
            "openstack_networking_secgroup_v2.SwarmSec"
          ]
        }
      ]
    },
    {
      "mode": "managed",
      "type": "null_resource",
      "name": "softwareconfig",
      "provider": "provider[\"registry.terraform.io/hashicorp/null\"]",
      "instances": [
        {
          "schema_version": 0,
          "attributes": {
            "id": "5159603544277747294",
            "triggers": {
              "thisfile_hash": "3c6413024f006a69289efeee39d05c66a93767fd"
            }
          },
          "sensitive_attributes": [],
          "private": "bnVsbA==",
          "dependencies": [
            "null_resource.InstallDocker",
            "null_resource.volumeformating",
            "openstack_compute_instance_v2.SwarmManager"
          ]
        }
      ]
    },
    {
      "mode": "managed",
      "type": "null_resource",
      "name": "volumeformating",
      "provider": "provider[\"registry.terraform.io/hashicorp/null\"]",
      "instances": [
        {
          "schema_version": 0,
          "attributes": {
            "id": "3847310492880978430",
            "triggers": null
          },
          "sensitive_attributes": [],
          "private": "bnVsbA==",
          "dependencies": [
            "data.template_file.user_data",
            "openstack_blockstorage_volume_v3.volume_1",
            "openstack_compute_instance_v2.SwarmManager",
            "openstack_compute_volume_attach_v2.attach-1",
            "openstack_networking_secgroup_v2.SwarmSec"
          ]
        }
      ]
    },
    {
      "mode": "managed",
      "type": "null_resource",
      "name": "volumemountworker1",
      "provider": "provider[\"registry.terraform.io/hashicorp/null\"]",
      "instances": [
        {
          "schema_version": 0,
          "attributes": {
            "id": "1712249465954661870",
            "triggers": {
              "thisfile_hash": "3c6413024f006a69289efeee39d05c66a93767fd"
            }
          },
          "sensitive_attributes": [],
          "private": "bnVsbA==",
          "dependencies": [
            "null_resource.InstallDocker",
            "null_resource.softwareconfig",
            "null_resource.volumeformating",
            "openstack_compute_instance_v2.SwarmManager",
            "openstack_compute_instance_v2.Worker1",
            "openstack_compute_volume_attach_v2.attach-2"
          ]
        }
      ]
    },
    {
      "mode": "managed",
      "type": "null_resource",
      "name": "volumemountworker2",
      "provider": "provider[\"registry.terraform.io/hashicorp/null\"]",
      "instances": [
        {
          "schema_version": 0,
          "attributes": {
            "id": "1311660923935180848",
            "triggers": {
              "thisfile_hash": "3c6413024f006a69289efeee39d05c66a93767fd"
            }
          },
          "sensitive_attributes": [],
          "private": "bnVsbA==",
          "dependencies": [
            "null_resource.InstallDocker",
            "null_resource.softwareconfig",
            "null_resource.volumeformating",
            "null_resource.volumemountworker1",
            "openstack_compute_instance_v2.SwarmManager",
            "openstack_compute_instance_v2.Worker1",
            "openstack_compute_instance_v2.Worker2",
            "openstack_compute_volume_attach_v2.attach-2",
            "openstack_compute_volume_attach_v2.attach-3"
          ]
        }
      ]
    },
    {
      "mode": "managed",
      "type": "openstack_blockstorage_volume_v3",
      "name": "volume_1",
      "provider": "provider[\"registry.terraform.io/terraform-provider-openstack/openstack\"]",
      "instances": [
        {
          "schema_version": 0,
          "attributes": {
            "attachment": [
              {
                "device": "/dev/vdb",
                "id": "e6d74caf-8434-4ea5-8151-7fce648b9812",
                "instance_id": "248b1044-f5ed-4e79-b67f-6391d0ff101a"
              },
              {
                "device": "/dev/vdb",
                "id": "e6d74caf-8434-4ea5-8151-7fce648b9812",
                "instance_id": "2c73354c-2c5f-4b93-830a-975b26a86ab5"
              },
              {
                "device": "/dev/vdb",
                "id": "e6d74caf-8434-4ea5-8151-7fce648b9812",
                "instance_id": "60709f8c-5eda-4234-96c7-753c61450e75"
              }
            ],
            "availability_zone": "nova",
            "consistency_group_id": null,
            "description": "",
            "enable_online_resize": null,
            "id": "e6d74caf-8434-4ea5-8151-7fce648b9812",
            "image_id": null,
            "metadata": {},
            "multiattach": true,
            "name": "sharedvolume",
            "region": "Mannheim",
            "scheduler_hints": [],
            "size": 10,
            "snapshot_id": "",
            "source_replica": null,
            "source_vol_id": "",
            "timeouts": null,
            "volume_type": "default"
          },
          "sensitive_attributes": [],
          "private": "eyJlMmJmYjczMC1lY2FhLTExZTYtOGY4OC0zNDM2M2JjN2M0YzAiOnsiY3JlYXRlIjo2MDAwMDAwMDAwMDAsImRlbGV0ZSI6NjAwMDAwMDAwMDAwfX0="
        }
      ]
    },
    {
      "mode": "managed",
      "type": "openstack_compute_instance_v2",
      "name": "SwarmManager",
      "provider": "provider[\"registry.terraform.io/terraform-provider-openstack/openstack\"]",
      "instances": [
        {
          "schema_version": 0,
          "attributes": {
            "access_ip_v4": "193.196.54.239",
            "access_ip_v6": "[2001:7c0:2320:1:f816:3eff:fef0:22ba]",
            "admin_pass": null,
            "all_metadata": {},
            "all_tags": [],
            "availability_zone": "nova",
            "availability_zone_hints": null,
            "block_device": [],
            "config_drive": null,
            "flavor_id": "94013f91-51d4-4f29-aca6-7607cb2bed81",
            "flavor_name": "m1.small",
            "floating_ip": null,
            "force_delete": false,
            "id": "60709f8c-5eda-4234-96c7-753c61450e75",
            "image_id": "e6da7b16-5fef-4a15-a417-db4f68c30312",
            "image_name": "Debian 11",
            "key_pair": "Windows",
            "metadata": null,
            "name": "SwarmManager",
            "network": [
              {
                "access_network": false,
                "fixed_ip_v4": "193.196.54.239",
                "fixed_ip_v6": "[2001:7c0:2320:1:f816:3eff:fef0:22ba]",
                "floating_ip": "",
                "mac": "fa:16:3e:f0:22:ba",
                "name": "public-belwue",
                "port": "",
                "uuid": "c4eafee4-e84d-45ca-92a6-238302b75083"
              }
            ],
            "network_mode": null,
            "personality": [],
            "power_state": "active",
            "region": "Mannheim",
            "scheduler_hints": [],
            "security_groups": [
              "SwarmSec"
            ],
            "stop_before_destroy": false,
            "tags": [],
            "timeouts": null,
            "user_data": "c1a6320ce05fdb01c6694d445fb7533832e535c9",
            "vendor_options": [],
            "volume": []
          },
          "sensitive_attributes": [],
          "private": "eyJlMmJmYjczMC1lY2FhLTExZTYtOGY4OC0zNDM2M2JjN2M0YzAiOnsiY3JlYXRlIjoxODAwMDAwMDAwMDAwLCJkZWxldGUiOjE4MDAwMDAwMDAwMDAsInVwZGF0ZSI6MTgwMDAwMDAwMDAwMH19",
          "dependencies": [
            "data.template_file.user_data",
            "openstack_networking_secgroup_v2.SwarmSec"
          ]
        }
      ]
    },
    {
      "mode": "managed",
      "type": "openstack_compute_instance_v2",
      "name": "Worker1",
      "provider": "provider[\"registry.terraform.io/terraform-provider-openstack/openstack\"]",
      "instances": [
        {
          "schema_version": 0,
          "attributes": {
            "access_ip_v4": "193.196.52.109",
            "access_ip_v6": "[2001:7c0:2320:1:f816:3eff:fe3b:de58]",
            "admin_pass": null,
            "all_metadata": {},
            "all_tags": [],
            "availability_zone": "nova",
            "availability_zone_hints": null,
            "block_device": [],
            "config_drive": null,
            "flavor_id": "94013f91-51d4-4f29-aca6-7607cb2bed81",
            "flavor_name": "m1.small",
            "floating_ip": null,
            "force_delete": false,
            "id": "248b1044-f5ed-4e79-b67f-6391d0ff101a",
            "image_id": "e6da7b16-5fef-4a15-a417-db4f68c30312",
            "image_name": "Debian 11",
            "key_pair": "Windows",
            "metadata": null,
            "name": "Worker1",
            "network": [
              {
                "access_network": false,
                "fixed_ip_v4": "193.196.52.109",
                "fixed_ip_v6": "[2001:7c0:2320:1:f816:3eff:fe3b:de58]",
                "floating_ip": "",
                "mac": "fa:16:3e:3b:de:58",
                "name": "public-belwue",
                "port": "",
                "uuid": "c4eafee4-e84d-45ca-92a6-238302b75083"
              }
            ],
            "network_mode": null,
            "personality": [],
            "power_state": "active",
            "region": "Mannheim",
            "scheduler_hints": [],
            "security_groups": [
              "SwarmSec"
            ],
            "stop_before_destroy": false,
            "tags": [],
            "timeouts": null,
            "user_data": "c1a6320ce05fdb01c6694d445fb7533832e535c9",
            "vendor_options": [],
            "volume": []
          },
          "sensitive_attributes": [],
          "private": "eyJlMmJmYjczMC1lY2FhLTExZTYtOGY4OC0zNDM2M2JjN2M0YzAiOnsiY3JlYXRlIjoxODAwMDAwMDAwMDAwLCJkZWxldGUiOjE4MDAwMDAwMDAwMDAsInVwZGF0ZSI6MTgwMDAwMDAwMDAwMH19",
          "dependencies": [
            "data.template_file.user_data",
            "openstack_networking_secgroup_v2.SwarmSec"
          ]
        }
      ]
    },
    {
      "mode": "managed",
      "type": "openstack_compute_instance_v2",
      "name": "Worker2",
      "provider": "provider[\"registry.terraform.io/terraform-provider-openstack/openstack\"]",
      "instances": [
        {
          "schema_version": 0,
          "attributes": {
            "access_ip_v4": "193.196.52.180",
            "access_ip_v6": "[2001:7c0:2320:1:f816:3eff:fe64:ba7d]",
            "admin_pass": null,
            "all_metadata": {},
            "all_tags": [],
            "availability_zone": "nova",
            "availability_zone_hints": null,
            "block_device": [],
            "config_drive": null,
            "flavor_id": "94013f91-51d4-4f29-aca6-7607cb2bed81",
            "flavor_name": "m1.small",
            "floating_ip": null,
            "force_delete": false,
            "id": "2c73354c-2c5f-4b93-830a-975b26a86ab5",
            "image_id": "e6da7b16-5fef-4a15-a417-db4f68c30312",
            "image_name": "Debian 11",
            "key_pair": "Windows",
            "metadata": null,
            "name": "Worker2",
            "network": [
              {
                "access_network": false,
                "fixed_ip_v4": "193.196.52.180",
                "fixed_ip_v6": "[2001:7c0:2320:1:f816:3eff:fe64:ba7d]",
                "floating_ip": "",
                "mac": "fa:16:3e:64:ba:7d",
                "name": "public-belwue",
                "port": "",
                "uuid": "c4eafee4-e84d-45ca-92a6-238302b75083"
              }
            ],
            "network_mode": null,
            "personality": [],
            "power_state": "active",
            "region": "Mannheim",
            "scheduler_hints": [],
            "security_groups": [
              "SwarmSec"
            ],
            "stop_before_destroy": false,
            "tags": [],
            "timeouts": null,
            "user_data": "c1a6320ce05fdb01c6694d445fb7533832e535c9",
            "vendor_options": [],
            "volume": []
          },
          "sensitive_attributes": [],
          "private": "eyJlMmJmYjczMC1lY2FhLTExZTYtOGY4OC0zNDM2M2JjN2M0YzAiOnsiY3JlYXRlIjoxODAwMDAwMDAwMDAwLCJkZWxldGUiOjE4MDAwMDAwMDAwMDAsInVwZGF0ZSI6MTgwMDAwMDAwMDAwMH19",
          "dependencies": [
            "data.template_file.user_data",
            "openstack_networking_secgroup_v2.SwarmSec"
          ]
        }
      ]
    },
    {
      "mode": "managed",
      "type": "openstack_compute_volume_attach_v2",
      "name": "attach-1",
      "provider": "provider[\"registry.terraform.io/terraform-provider-openstack/openstack\"]",
      "instances": [
        {
          "schema_version": 0,
          "attributes": {
            "device": "/dev/vdb",
            "id": "60709f8c-5eda-4234-96c7-753c61450e75/e6d74caf-8434-4ea5-8151-7fce648b9812",
            "instance_id": "60709f8c-5eda-4234-96c7-753c61450e75",
            "multiattach": true,
            "region": "Mannheim",
            "timeouts": null,
            "vendor_options": [],
            "volume_id": "e6d74caf-8434-4ea5-8151-7fce648b9812"
          },
          "sensitive_attributes": [],
          "private": "eyJlMmJmYjczMC1lY2FhLTExZTYtOGY4OC0zNDM2M2JjN2M0YzAiOnsiY3JlYXRlIjo2MDAwMDAwMDAwMDAsImRlbGV0ZSI6NjAwMDAwMDAwMDAwfX0=",
          "dependencies": [
            "data.template_file.user_data",
            "openstack_blockstorage_volume_v3.volume_1",
            "openstack_compute_instance_v2.SwarmManager",
            "openstack_networking_secgroup_v2.SwarmSec"
          ]
        }
      ]
    },
    {
      "mode": "managed",
      "type": "openstack_compute_volume_attach_v2",
      "name": "attach-2",
      "provider": "provider[\"registry.terraform.io/terraform-provider-openstack/openstack\"]",
      "instances": [
        {
          "schema_version": 0,
          "attributes": {
            "device": "/dev/vdb",
            "id": "248b1044-f5ed-4e79-b67f-6391d0ff101a/e6d74caf-8434-4ea5-8151-7fce648b9812",
            "instance_id": "248b1044-f5ed-4e79-b67f-6391d0ff101a",
            "multiattach": true,
            "region": "Mannheim",
            "timeouts": null,
            "vendor_options": [],
            "volume_id": "e6d74caf-8434-4ea5-8151-7fce648b9812"
          },
          "sensitive_attributes": [],
          "private": "eyJlMmJmYjczMC1lY2FhLTExZTYtOGY4OC0zNDM2M2JjN2M0YzAiOnsiY3JlYXRlIjo2MDAwMDAwMDAwMDAsImRlbGV0ZSI6NjAwMDAwMDAwMDAwfX0=",
          "dependencies": [
            "data.template_file.user_data",
            "openstack_blockstorage_volume_v3.volume_1",
            "openstack_compute_instance_v2.Worker1",
            "openstack_networking_secgroup_v2.SwarmSec"
          ]
        }
      ]
    },
    {
      "mode": "managed",
      "type": "openstack_compute_volume_attach_v2",
      "name": "attach-3",
      "provider": "provider[\"registry.terraform.io/terraform-provider-openstack/openstack\"]",
      "instances": [
        {
          "schema_version": 0,
          "attributes": {
            "device": "/dev/vdb",
            "id": "2c73354c-2c5f-4b93-830a-975b26a86ab5/e6d74caf-8434-4ea5-8151-7fce648b9812",
            "instance_id": "2c73354c-2c5f-4b93-830a-975b26a86ab5",
            "multiattach": true,
            "region": "Mannheim",
            "timeouts": null,
            "vendor_options": [],
            "volume_id": "e6d74caf-8434-4ea5-8151-7fce648b9812"
          },
          "sensitive_attributes": [],
          "private": "eyJlMmJmYjczMC1lY2FhLTExZTYtOGY4OC0zNDM2M2JjN2M0YzAiOnsiY3JlYXRlIjo2MDAwMDAwMDAwMDAsImRlbGV0ZSI6NjAwMDAwMDAwMDAwfX0=",
          "dependencies": [
            "data.template_file.user_data",
            "openstack_blockstorage_volume_v3.volume_1",
            "openstack_compute_instance_v2.Worker2",
            "openstack_networking_secgroup_v2.SwarmSec"
          ]
        }
      ]
    },
    {
      "mode": "managed",
      "type": "openstack_networking_secgroup_rule_v2",
      "name": "workerrule1",
      "provider": "provider[\"registry.terraform.io/terraform-provider-openstack/openstack\"]",
      "instances": [
        {
          "schema_version": 0,
          "attributes": {
            "description": "",
            "direction": "ingress",
            "ethertype": "IPv4",
            "id": "68a61508-153f-40b9-9c18-1636127fe4ee",
            "port_range_max": 0,
            "port_range_min": 0,
            "protocol": "tcp",
            "region": "Mannheim",
            "remote_group_id": "",
            "remote_ip_prefix": "0.0.0.0/0",
            "security_group_id": "98325a9b-408f-4c78-8820-e342eb1fef14",
            "tenant_id": "1037a76bd95840ca8bc89356d5242385",
            "timeouts": null
          },
          "sensitive_attributes": [],
          "private": "eyJlMmJmYjczMC1lY2FhLTExZTYtOGY4OC0zNDM2M2JjN2M0YzAiOnsiZGVsZXRlIjo2MDAwMDAwMDAwMDB9fQ==",
          "dependencies": [
            "openstack_networking_secgroup_v2.SwarmSec"
          ]
        }
      ]
    },
    {
      "mode": "managed",
      "type": "openstack_networking_secgroup_rule_v2",
      "name": "workerrule1a",
      "provider": "provider[\"registry.terraform.io/terraform-provider-openstack/openstack\"]",
      "instances": [
        {
          "schema_version": 0,
          "attributes": {
            "description": "",
            "direction": "ingress",
            "ethertype": "IPv4",
            "id": "b8a82150-a8e7-45db-afdb-784f4d7c3858",
            "port_range_max": 0,
            "port_range_min": 0,
            "protocol": "icmp",
            "region": "Mannheim",
            "remote_group_id": "",
            "remote_ip_prefix": "0.0.0.0/0",
            "security_group_id": "98325a9b-408f-4c78-8820-e342eb1fef14",
            "tenant_id": "1037a76bd95840ca8bc89356d5242385",
            "timeouts": null
          },
          "sensitive_attributes": [],
          "private": "eyJlMmJmYjczMC1lY2FhLTExZTYtOGY4OC0zNDM2M2JjN2M0YzAiOnsiZGVsZXRlIjo2MDAwMDAwMDAwMDB9fQ==",
          "dependencies": [
            "openstack_networking_secgroup_v2.SwarmSec"
          ]
        }
      ]
    },
    {
      "mode": "managed",
      "type": "openstack_networking_secgroup_rule_v2",
      "name": "workerrule1b",
      "provider": "provider[\"registry.terraform.io/terraform-provider-openstack/openstack\"]",
      "instances": [
        {
          "schema_version": 0,
          "attributes": {
            "description": "",
            "direction": "ingress",
            "ethertype": "IPv4",
            "id": "112a9f01-9014-4394-8260-604e1ec57214",
            "port_range_max": 0,
            "port_range_min": 0,
            "protocol": "udp",
            "region": "Mannheim",
            "remote_group_id": "",
            "remote_ip_prefix": "0.0.0.0/0",
            "security_group_id": "98325a9b-408f-4c78-8820-e342eb1fef14",
            "tenant_id": "1037a76bd95840ca8bc89356d5242385",
            "timeouts": null
          },
          "sensitive_attributes": [],
          "private": "eyJlMmJmYjczMC1lY2FhLTExZTYtOGY4OC0zNDM2M2JjN2M0YzAiOnsiZGVsZXRlIjo2MDAwMDAwMDAwMDB9fQ==",
          "dependencies": [
            "openstack_networking_secgroup_v2.SwarmSec"
          ]
        }
      ]
    },
    {
      "mode": "managed",
      "type": "openstack_networking_secgroup_rule_v2",
      "name": "workerrule2",
      "provider": "provider[\"registry.terraform.io/terraform-provider-openstack/openstack\"]",
      "instances": [
        {
          "schema_version": 0,
          "attributes": {
            "description": "",
            "direction": "ingress",
            "ethertype": "IPv4",
            "id": "75eb013e-9616-444b-8e09-fcad454171a8",
            "port_range_max": 0,
            "port_range_min": 0,
            "protocol": "tcp",
            "region": "Mannheim",
            "remote_group_id": "",
            "remote_ip_prefix": "192.168.0.0/16",
            "security_group_id": "535a91c4-18d4-4631-bfb0-999c765d48f5",
            "tenant_id": "1037a76bd95840ca8bc89356d5242385",
            "timeouts": null
          },
          "sensitive_attributes": [],
          "private": "eyJlMmJmYjczMC1lY2FhLTExZTYtOGY4OC0zNDM2M2JjN2M0YzAiOnsiZGVsZXRlIjo2MDAwMDAwMDAwMDB9fQ==",
          "dependencies": [
            "openstack_networking_secgroup_v2.SwarmWorkerSec"
          ]
        }
      ]
    },
    {
      "mode": "managed",
      "type": "openstack_networking_secgroup_rule_v2",
      "name": "workerrule2a",
      "provider": "provider[\"registry.terraform.io/terraform-provider-openstack/openstack\"]",
      "instances": [
        {
          "schema_version": 0,
          "attributes": {
            "description": "",
            "direction": "ingress",
            "ethertype": "IPv4",
            "id": "8ae743b6-0eae-4a94-ac3d-c33bf48af676",
            "port_range_max": 0,
            "port_range_min": 0,
            "protocol": "icmp",
            "region": "Mannheim",
            "remote_group_id": "",
            "remote_ip_prefix": "192.168.0.0/16",
            "security_group_id": "535a91c4-18d4-4631-bfb0-999c765d48f5",
            "tenant_id": "1037a76bd95840ca8bc89356d5242385",
            "timeouts": null
          },
          "sensitive_attributes": [],
          "private": "eyJlMmJmYjczMC1lY2FhLTExZTYtOGY4OC0zNDM2M2JjN2M0YzAiOnsiZGVsZXRlIjo2MDAwMDAwMDAwMDB9fQ==",
          "dependencies": [
            "openstack_networking_secgroup_v2.SwarmWorkerSec"
          ]
        }
      ]
    },
    {
      "mode": "managed",
      "type": "openstack_networking_secgroup_rule_v2",
      "name": "workerrule2b",
      "provider": "provider[\"registry.terraform.io/terraform-provider-openstack/openstack\"]",
      "instances": [
        {
          "schema_version": 0,
          "attributes": {
            "description": "",
            "direction": "ingress",
            "ethertype": "IPv4",
            "id": "403d5a55-7279-4342-b75c-d71859d6e0f0",
            "port_range_max": 0,
            "port_range_min": 0,
            "protocol": "udp",
            "region": "Mannheim",
            "remote_group_id": "",
            "remote_ip_prefix": "192.168.0.0/16",
            "security_group_id": "535a91c4-18d4-4631-bfb0-999c765d48f5",
            "tenant_id": "1037a76bd95840ca8bc89356d5242385",
            "timeouts": null
          },
          "sensitive_attributes": [],
          "private": "eyJlMmJmYjczMC1lY2FhLTExZTYtOGY4OC0zNDM2M2JjN2M0YzAiOnsiZGVsZXRlIjo2MDAwMDAwMDAwMDB9fQ==",
          "dependencies": [
            "openstack_networking_secgroup_v2.SwarmWorkerSec"
          ]
        }
      ]
    },
    {
      "mode": "managed",
      "type": "openstack_networking_secgroup_v2",
      "name": "SwarmSec",
      "provider": "provider[\"registry.terraform.io/terraform-provider-openstack/openstack\"]",
      "instances": [
        {
          "schema_version": 0,
          "attributes": {
            "all_tags": [],
            "delete_default_rules": null,
            "description": "Terraform generated Security, to enable Docker Swarm Manager",
            "id": "98325a9b-408f-4c78-8820-e342eb1fef14",
            "name": "SwarmSec",
            "region": "Mannheim",
            "tags": [],
            "tenant_id": "1037a76bd95840ca8bc89356d5242385",
            "timeouts": null
          },
          "sensitive_attributes": [],
          "private": "eyJlMmJmYjczMC1lY2FhLTExZTYtOGY4OC0zNDM2M2JjN2M0YzAiOnsiZGVsZXRlIjo2MDAwMDAwMDAwMDB9fQ=="
        }
      ]
    },
    {
      "mode": "managed",
      "type": "openstack_networking_secgroup_v2",
      "name": "SwarmWorkerSec",
      "provider": "provider[\"registry.terraform.io/terraform-provider-openstack/openstack\"]",
      "instances": [
        {
          "schema_version": 0,
          "attributes": {
            "all_tags": [],
            "delete_default_rules": null,
            "description": "Terraform generated Security, to enable Docker Swarm Worker",
            "id": "535a91c4-18d4-4631-bfb0-999c765d48f5",
            "name": "SwarmWorkerSec",
            "region": "Mannheim",
            "tags": [],
            "tenant_id": "1037a76bd95840ca8bc89356d5242385",
            "timeouts": null
          },
          "sensitive_attributes": [],
          "private": "eyJlMmJmYjczMC1lY2FhLTExZTYtOGY4OC0zNDM2M2JjN2M0YzAiOnsiZGVsZXRlIjo2MDAwMDAwMDAwMDB9fQ=="
        }
      ]
    }
  ]
}
